
Microsoft Visual Studio Solution File, Format Version 11.00
# Visual Studio 2010
Project("{FAE04EC0-301F-11D3-BF4B-00C04F79EFBC}") = "Task_5", "Task_5\Task_5.csproj", "{39A893C5-91CD-42F4-A987-31C8A929C9F4}"
EndProject
Global
	GlobalSection(SolutionConfigurationPlatforms) = preSolution
		Debug|x86 = Debug|x86
		Release|x86 = Release|x86
	EndGlobalSection
	GlobalSection(ProjectConfigurationPlatforms) = postSolution
		{39A893C5-91CD-42F4-A987-31C8A929C9F4}.Debug|x86.ActiveCfg = Debug|x86
		{39A893C5-91CD-42F4-A987-31C8A929C9F4}.Debug|x86.Build.0 = Debug|x86
		{39A893C5-91CD-42F4-A987-31C8A929C9F4}.Release|x86.ActiveCfg = Release|x86
		{39A893C5-91CD-42F4-A987-31C8A929C9F4}.Release|x86.Build.0 = Release|x86
	EndGlobalSection
	GlobalSection(SolutionProperties) = preSolution
		HideSolutionNode = FALSE
	EndGlobalSection
EndGlobal
